
Microsoft Visual Studio Solution File, Format Version 12.00
# Visual Studio 15
VisualStudioVersion = 15.0.28307.902
MinimumVisualStudioVersion = 10.0.40219.1
Project("{FAE04EC0-301F-11D3-BF4B-00C04F79EFBC}") = "Day3", "Day3\Day3.csproj", "{937A06C8-19F1-438D-B66E-B521F59360DB}"
EndProject
Global
	GlobalSection(SolutionConfigurationPlatforms) = preSolution
		Debug|Any CPU = Debug|Any CPU
		Release|Any CPU = Release|Any CPU
	EndGlobalSection
	GlobalSection(ProjectConfigurationPlatforms) = postSolution
		{937A06C8-19F1-438D-B66E-B521F59360DB}.Debug|Any CPU.ActiveCfg = Debug|Any CPU
		{937A06C8-19F1-438D-B66E-B521F59360DB}.Debug|Any CPU.Build.0 = Debug|Any CPU
		{937A06C8-19F1-438D-B66E-B521F59360DB}.Release|Any CPU.ActiveCfg = Release|Any CPU
		{937A06C8-19F1-438D-B66E-B521F59360DB}.Release|Any CPU.Build.0 = Release|Any CPU
	EndGlobalSection
	GlobalSection(SolutionProperties) = preSolution
		HideSolutionNode = FALSE
	EndGlobalSection
	GlobalSection(ExtensibilityGlobals) = postSolution
		SolutionGuid = {47F3AB3A-5D03-4BF2-B1B9-E75AE7F42F2B}
	EndGlobalSection
EndGlobal
